
Microsoft Visual Studio Solution File, Format Version 12.00
# Visual Studio Version 16
VisualStudioVersion = 16.0.32413.511
MinimumVisualStudioVersion = 10.0.40219.1
Project("{FAE04EC0-301F-11D3-BF4B-00C04F79EFBC}") = "Staffs_TimeSheet", "Staffs_TimeSheet\Staffs_TimeSheet.csproj", "{FF9B63E8-3AAA-4AEF-AB4F-5B6677C2FD68}"
EndProject
Global
	GlobalSection(SolutionConfigurationPlatforms) = preSolution
		Debug|Any CPU = Debug|Any CPU
		Release|Any CPU = Release|Any CPU
	EndGlobalSection
	GlobalSection(ProjectConfigurationPlatforms) = postSolution
		{FF9B63E8-3AAA-4AEF-AB4F-5B6677C2FD68}.Debug|Any CPU.ActiveCfg = Debug|Any CPU
		{FF9B63E8-3AAA-4AEF-AB4F-5B6677C2FD68}.Debug|Any CPU.Build.0 = Debug|Any CPU
		{FF9B63E8-3AAA-4AEF-AB4F-5B6677C2FD68}.Release|Any CPU.ActiveCfg = Release|Any CPU
		{FF9B63E8-3AAA-4AEF-AB4F-5B6677C2FD68}.Release|Any CPU.Build.0 = Release|Any CPU
	EndGlobalSection
	GlobalSection(SolutionProperties) = preSolution
		HideSolutionNode = FALSE
	EndGlobalSection
	GlobalSection(ExtensibilityGlobals) = postSolution
		SolutionGuid = {D81F8DD1-52BC-41CB-B1DC-C0AB9CAF9DCA}
	EndGlobalSection
EndGlobal
